
Microsoft Visual Studio Solution File, Format Version 12.00
# Visual Studio Version 17
VisualStudioVersion = 17.5.33414.496
MinimumVisualStudioVersion = 10.0.40219.1
Project("{FAE04EC0-301F-11D3-BF4B-00C04F79EFBC}") = "MetroTest", "MetroTest\MetroTest.csproj", "{1A3E9B26-6FDD-446A-B5D7-F88A57DE93A4}"
EndProject
Project("{FAE04EC0-301F-11D3-BF4B-00C04F79EFBC}") = "MetroPackageManager", "MetroPackageManager\MetroPackageManager.csproj", "{7A65F84F-DE66-4679-BF5E-C32059ADF43F}"
EndProject
Project("{FAE04EC0-301F-11D3-BF4B-00C04F79EFBC}") = "MetroPlugin", "MetroPlugin\MetroPlugin.csproj", "{CCDF4CEE-F79E-4A56-931D-046B5E87A947}"
EndProject
Global
	GlobalSection(SolutionConfigurationPlatforms) = preSolution
		Debug|Any CPU = Debug|Any CPU
		Release|Any CPU = Release|Any CPU
	EndGlobalSection
	GlobalSection(ProjectConfigurationPlatforms) = postSolution
		{1A3E9B26-6FDD-446A-B5D7-F88A57DE93A4}.Debug|Any CPU.ActiveCfg = Debug|Any CPU
		{1A3E9B26-6FDD-446A-B5D7-F88A57DE93A4}.Debug|Any CPU.Build.0 = Debug|Any CPU
		{1A3E9B26-6FDD-446A-B5D7-F88A57DE93A4}.Release|Any CPU.ActiveCfg = Release|Any CPU
		{1A3E9B26-6FDD-446A-B5D7-F88A57DE93A4}.Release|Any CPU.Build.0 = Release|Any CPU
		{7A65F84F-DE66-4679-BF5E-C32059ADF43F}.Debug|Any CPU.ActiveCfg = Debug|Any CPU
		{7A65F84F-DE66-4679-BF5E-C32059ADF43F}.Debug|Any CPU.Build.0 = Debug|Any CPU
		{7A65F84F-DE66-4679-BF5E-C32059ADF43F}.Release|Any CPU.ActiveCfg = Release|Any CPU
		{7A65F84F-DE66-4679-BF5E-C32059ADF43F}.Release|Any CPU.Build.0 = Release|Any CPU
		{CCDF4CEE-F79E-4A56-931D-046B5E87A947}.Debug|Any CPU.ActiveCfg = Debug|Any CPU
		{CCDF4CEE-F79E-4A56-931D-046B5E87A947}.Debug|Any CPU.Build.0 = Debug|Any CPU
		{CCDF4CEE-F79E-4A56-931D-046B5E87A947}.Release|Any CPU.ActiveCfg = Release|Any CPU
		{CCDF4CEE-F79E-4A56-931D-046B5E87A947}.Release|Any CPU.Build.0 = Release|Any CPU
	EndGlobalSection
	GlobalSection(SolutionProperties) = preSolution
		HideSolutionNode = FALSE
	EndGlobalSection
	GlobalSection(ExtensibilityGlobals) = postSolution
		SolutionGuid = {3DD74F40-514F-4567-8BE4-6BCDCC7CE131}
	EndGlobalSection
EndGlobal
